
Microsoft Visual Studio Solution File, Format Version 12.00
# Visual Studio Version 17
VisualStudioVersion = 17.9.34728.123
MinimumVisualStudioVersion = 10.0.40219.1
Project("{FAE04EC0-301F-11D3-BF4B-00C04F79EFBC}") = "FoodTracker", "FoodTracker\FoodTracker.csproj", "{87E23F86-0644-4661-A4B7-3013D0E589A6}"
EndProject
Global
	GlobalSection(SolutionConfigurationPlatforms) = preSolution
		Debug|Any CPU = Debug|Any CPU
		Release|Any CPU = Release|Any CPU
	EndGlobalSection
	GlobalSection(ProjectConfigurationPlatforms) = postSolution
		{87E23F86-0644-4661-A4B7-3013D0E589A6}.Debug|Any CPU.ActiveCfg = Debug|Any CPU
		{87E23F86-0644-4661-A4B7-3013D0E589A6}.Debug|Any CPU.Build.0 = Debug|Any CPU
		{87E23F86-0644-4661-A4B7-3013D0E589A6}.Release|Any CPU.ActiveCfg = Release|Any CPU
		{87E23F86-0644-4661-A4B7-3013D0E589A6}.Release|Any CPU.Build.0 = Release|Any CPU
	EndGlobalSection
	GlobalSection(SolutionProperties) = preSolution
		HideSolutionNode = FALSE
	EndGlobalSection
	GlobalSection(ExtensibilityGlobals) = postSolution
		SolutionGuid = {964B3F57-F1A4-429F-BF52-F66325A40EFC}
	EndGlobalSection
EndGlobal
